<Solution>
  <Project Path="ChronoMock.App.Tests/ChronoMock.App.Tests.csproj" />
  <Project Path="ChronoMock.App/ChronoMock.App.csproj" />
  <Project Path="ChronoMock.Protocol.Tests/ChronoMock.Protocol.Tests.csproj" />
  <Project Path="ChronoMock.Protocol/ChronoMock.Protocol.csproj" />
  <Project Path="ChronoMock.TestTarget/ChronoMock.TestTarget.csproj" />
</Solution>
